// !$*UTF8*$!
{
	archiveVersion = 1;
	classes = {
	};
	objectVersion = 56;
	objects = {

/* Begin PBXBuildFile section */
		8388B9F92DEA40BA00C20268 /* AppDelegate.swift in Sources */ = {isa = PBXBuildFile; fileRef = 8388B9F82DEA40BA00C20268 /* AppDelegate.swift */; };
		8388B9FB2DEA40BA00C20268 /* SceneDelegate.swift in Sources */ = {isa = PBXBuildFile; fileRef = 8388B9FA2DEA40BA00C20268 /* SceneDelegate.swift */; };
		8388B9FD2DEA40BA00C20268 /* ViewController.swift in Sources */ = {isa = PBXBuildFile; fileRef = 8388B9FC2DEA40BA00C20268 /* ViewController.swift */; };
		8388BA022DEA40BD00C20268 /* Assets.xcassets in Resources */ = {isa = PBXBuildFile; fileRef = 8388BA012DEA40BD00C20268 /* Assets.xcassets */; };
		8388BA052DEA40BD00C20268 /* LaunchScreen.storyboard in Resources */ = {isa = PBXBuildFile; fileRef = 8388BA032DEA40BD00C20268 /* LaunchScreen.storyboard */; };
		8388BA0D2DEEDE9D00C20268 /* TabBarController.swift in Sources */ = {isa = PBXBuildFile; fileRef = 8388BA0C2DEEDE9D00C20268 /* TabBarController.swift */; };
		8388BA0F2DEEDEC700C20268 /* HomeViewController.swift in Sources */ = {isa = PBXBuildFile; fileRef = 8388BA0E2DEEDEC700C20268 /* HomeViewController.swift */; };
		8388BA112DEEDECE00C20268 /* SearchViewController.swift in Sources */ = {isa = PBXBuildFile; fileRef = 8388BA102DEEDECE00C20268 /* SearchViewController.swift */; };
		8388BA132DEEDED600C20268 /* FavouriteViewController.swift in Sources */ = {isa = PBXBuildFile; fileRef = 8388BA122DEEDED600C20268 /* FavouriteViewController.swift */; };
		8388BA152DEEDEDD00C20268 /* ProfileViewController.swift in Sources */ = {isa = PBXBuildFile; fileRef = 8388BA142DEEDEDD00C20268 /* ProfileViewController.swift */; };
		8388BA172DEEEB5200C20268 /* MovieTableViewCell.swift in Sources */ = {isa = PBXBuildFile; fileRef = 8388BA162DEEEB5200C20268 /* MovieTableViewCell.swift */; };
		8388BA1D2DEEFCF100C20268 /* SF-Pro-Display-Regular.otf in Resources */ = {isa = PBXBuildFile; fileRef = 8388BA192DEEFCF000C20268 /* SF-Pro-Display-Regular.otf */; };
		8388BA1E2DEEFCF100C20268 /* SF-Pro-Display-Bold.otf in Resources */ = {isa = PBXBuildFile; fileRef = 8388BA1A2DEEFCF000C20268 /* SF-Pro-Display-Bold.otf */; };
		8388BA1F2DEEFCF100C20268 /* SF-Pro-Display-Medium.otf in Resources */ = {isa = PBXBuildFile; fileRef = 8388BA1B2DEEFCF000C20268 /* SF-Pro-Display-Medium.otf */; };
		8388BA202DEEFCF100C20268 /* SF-Pro-Display-Semibold.otf in Resources */ = {isa = PBXBuildFile; fileRef = 8388BA1C2DEEFCF000C20268 /* SF-Pro-Display-Semibold.otf */; };
		8388BA222DEF6D9E00C20268 /* OnboardingViewController.swift in Sources */ = {isa = PBXBuildFile; fileRef = 8388BA212DEF6D9E00C20268 /* OnboardingViewController.swift */; };
		8388BA292DEF7A7100C20268 /* OnboardingPageViewController.swift in Sources */ = {isa = PBXBuildFile; fileRef = 8388BA282DEF7A7100C20268 /* OnboardingPageViewController.swift */; };
		8388BA2B2DF0B90100C20268 /* AuthorizationViewController.swift in Sources */ = {isa = PBXBuildFile; fileRef = 8388BA2A2DF0B90100C20268 /* AuthorizationViewController.swift */; };
		8388BA2D2DF20A2F00C20268 /* RegistrationViewController.swift in Sources */ = {isa = PBXBuildFile; fileRef = 8388BA2C2DF20A2F00C20268 /* RegistrationViewController.swift */; };
		8388BA2F2DF57EBF00C20268 /* Movie.swift in Sources */ = {isa = PBXBuildFile; fileRef = 8388BA2E2DF57EBF00C20268 /* Movie.swift */; };
		8388BA322DF5D49A00C20268 /* DetailViewController.swift in Sources */ = {isa = PBXBuildFile; fileRef = 8388BA312DF5D49A00C20268 /* DetailViewController.swift */; };
		8388BA342DF5E07100C20268 /* MovieCardView.swift in Sources */ = {isa = PBXBuildFile; fileRef = 8388BA332DF5E07100C20268 /* MovieCardView.swift */; };
		8388BA362DF82DDB00C20268 /* EpisodesTableViewController.swift in Sources */ = {isa = PBXBuildFile; fileRef = 8388BA352DF82DDB00C20268 /* EpisodesTableViewController.swift */; };
		8388BA382DF8780B00C20268 /* Episode.swift in Sources */ = {isa = PBXBuildFile; fileRef = 8388BA372DF8780B00C20268 /* Episode.swift */; };
		8388BA3A2DF878FE00C20268 /* EpisodeTableViewCell.swift in Sources */ = {isa = PBXBuildFile; fileRef = 8388BA392DF878FE00C20268 /* EpisodeTableViewCell.swift */; };
		8388BA3D2DF9E3CF00C20268 /* SearchCollectionViewCell.swift in Sources */ = {isa = PBXBuildFile; fileRef = 8388BA3C2DF9E3CF00C20268 /* SearchCollectionViewCell.swift */; };
		C5D736E97EB76574F4A51527 /* Pods_OzinsheDemo.framework in Frameworks */ = {isa = PBXBuildFile; fileRef = EFF3D7408997121F4CF723DE /* Pods_OzinsheDemo.framework */; };
/* End PBXBuildFile section */

/* Begin PBXFileReference section */
		264842EC87487709F7C0FA70 /* Pods-OzinsheDemo.release.xcconfig */ = {isa = PBXFileReference; includeInIndex = 1; lastKnownFileType = text.xcconfig; name = "Pods-OzinsheDemo.release.xcconfig"; path = "Target Support Files/Pods-OzinsheDemo/Pods-OzinsheDemo.release.xcconfig"; sourceTree = "<group>"; };
		8388B9F52DEA40BA00C20268 /* OzinsheDemo.app */ = {isa = PBXFileReference; explicitFileType = wrapper.application; includeInIndex = 0; path = OzinsheDemo.app; sourceTree = BUILT_PRODUCTS_DIR; };
		8388B9F82DEA40BA00C20268 /* AppDelegate.swift */ = {isa = PBXFileReference; lastKnownFileType = sourcecode.swift; path = AppDelegate.swift; sourceTree = "<group>"; };
		8388B9FA2DEA40BA00C20268 /* SceneDelegate.swift */ = {isa = PBXFileReference; lastKnownFileType = sourcecode.swift; path = SceneDelegate.swift; sourceTree = "<group>"; };
		8388B9FC2DEA40BA00C20268 /* ViewController.swift */ = {isa = PBXFileReference; lastKnownFileType = sourcecode.swift; path = ViewController.swift; sourceTree = "<group>"; };
		8388BA012DEA40BD00C20268 /* Assets.xcassets */ = {isa = PBXFileReference; lastKnownFileType = folder.assetcatalog; path = Assets.xcassets; sourceTree = "<group>"; };
		8388BA042DEA40BD00C20268 /* Base */ = {isa = PBXFileReference; lastKnownFileType = file.storyboard; name = Base; path = Base.lproj/LaunchScreen.storyboard; sourceTree = "<group>"; };
		8388BA062DEA40BD00C20268 /* Info.plist */ = {isa = PBXFileReference; lastKnownFileType = text.plist.xml; path = Info.plist; sourceTree = "<group>"; };
		8388BA0C2DEEDE9D00C20268 /* TabBarController.swift */ = {isa = PBXFileReference; lastKnownFileType = sourcecode.swift; path = TabBarController.swift; sourceTree = "<group>"; };
		8388BA0E2DEEDEC700C20268 /* HomeViewController.swift */ = {isa = PBXFileReference; lastKnownFileType = sourcecode.swift; path = HomeViewController.swift; sourceTree = "<group>"; };
		8388BA102DEEDECE00C20268 /* SearchViewController.swift */ = {isa = PBXFileReference; lastKnownFileType = sourcecode.swift; path = SearchViewController.swift; sourceTree = "<group>"; };
		8388BA122DEEDED600C20268 /* FavouriteViewController.swift */ = {isa = PBXFileReference; lastKnownFileType = sourcecode.swift; path = FavouriteViewController.swift; sourceTree = "<group>"; };
		8388BA142DEEDEDD00C20268 /* ProfileViewController.swift */ = {isa = PBXFileReference; lastKnownFileType = sourcecode.swift; path = ProfileViewController.swift; sourceTree = "<group>"; };
		8388BA162DEEEB5200C20268 /* MovieTableViewCell.swift */ = {isa = PBXFileReference; lastKnownFileType = sourcecode.swift; path = MovieTableViewCell.swift; sourceTree = "<group>"; };
		8388BA192DEEFCF000C20268 /* SF-Pro-Display-Regular.otf */ = {isa = PBXFileReference; lastKnownFileType = file; path = "SF-Pro-Display-Regular.otf"; sourceTree = "<group>"; };
		8388BA1A2DEEFCF000C20268 /* SF-Pro-Display-Bold.otf */ = {isa = PBXFileReference; lastKnownFileType = file; path = "SF-Pro-Display-Bold.otf"; sourceTree = "<group>"; };
		8388BA1B2DEEFCF000C20268 /* SF-Pro-Display-Medium.otf */ = {isa = PBXFileReference; lastKnownFileType = file; path = "SF-Pro-Display-Medium.otf"; sourceTree = "<group>"; };
		8388BA1C2DEEFCF000C20268 /* SF-Pro-Display-Semibold.otf */ = {isa = PBXFileReference; lastKnownFileType = file; path = "SF-Pro-Display-Semibold.otf"; sourceTree = "<group>"; };
		8388BA212DEF6D9E00C20268 /* OnboardingViewController.swift */ = {isa = PBXFileReference; lastKnownFileType = sourcecode.swift; path = OnboardingViewController.swift; sourceTree = "<group>"; };
		8388BA282DEF7A7100C20268 /* OnboardingPageViewController.swift */ = {isa = PBXFileReference; lastKnownFileType = sourcecode.swift; path = OnboardingPageViewController.swift; sourceTree = "<group>"; };
		8388BA2A2DF0B90100C20268 /* AuthorizationViewController.swift */ = {isa = PBXFileReference; lastKnownFileType = sourcecode.swift; path = AuthorizationViewController.swift; sourceTree = "<group>"; };
		8388BA2C2DF20A2F00C20268 /* RegistrationViewController.swift */ = {isa = PBXFileReference; lastKnownFileType = sourcecode.swift; path = RegistrationViewController.swift; sourceTree = "<group>"; };
		8388BA2E2DF57EBF00C20268 /* Movie.swift */ = {isa = PBXFileReference; lastKnownFileType = sourcecode.swift; path = Movie.swift; sourceTree = "<group>"; };
		8388BA312DF5D49A00C20268 /* DetailViewController.swift */ = {isa = PBXFileReference; lastKnownFileType = sourcecode.swift; path = DetailViewController.swift; sourceTree = "<group>"; };
		8388BA332DF5E07100C20268 /* MovieCardView.swift */ = {isa = PBXFileReference; lastKnownFileType = sourcecode.swift; path = MovieCardView.swift; sourceTree = "<group>"; };
		8388BA352DF82DDB00C20268 /* EpisodesTableViewController.swift */ = {isa = PBXFileReference; lastKnownFileType = sourcecode.swift; path = EpisodesTableViewController.swift; sourceTree = "<group>"; };
		8388BA372DF8780B00C20268 /* Episode.swift */ = {isa = PBXFileReference; lastKnownFileType = sourcecode.swift; path = Episode.swift; sourceTree = "<group>"; };
		8388BA392DF878FE00C20268 /* EpisodeTableViewCell.swift */ = {isa = PBXFileReference; lastKnownFileType = sourcecode.swift; path = EpisodeTableViewCell.swift; sourceTree = "<group>"; };
		8388BA3C2DF9E3CF00C20268 /* SearchCollectionViewCell.swift */ = {isa = PBXFileReference; lastKnownFileType = sourcecode.swift; path = SearchCollectionViewCell.swift; sourceTree = "<group>"; };
		DF073417B199FED394905A4F /* Pods-OzinsheDemo.debug.xcconfig */ = {isa = PBXFileReference; includeInIndex = 1; lastKnownFileType = text.xcconfig; name = "Pods-OzinsheDemo.debug.xcconfig"; path = "Target Support Files/Pods-OzinsheDemo/Pods-OzinsheDemo.debug.xcconfig"; sourceTree = "<group>"; };
		EFF3D7408997121F4CF723DE /* Pods_OzinsheDemo.framework */ = {isa = PBXFileReference; explicitFileType = wrapper.framework; includeInIndex = 0; path = Pods_OzinsheDemo.framework; sourceTree = BUILT_PRODUCTS_DIR; };
/* End PBXFileReference section */

/* Begin PBXFrameworksBuildPhase section */
		8388B9F22DEA40BA00C20268 /* Frameworks */ = {
			isa = PBXFrameworksBuildPhase;
			buildActionMask = 2147483647;
			files = (
				C5D736E97EB76574F4A51527 /* Pods_OzinsheDemo.framework in Frameworks */,
			);
			runOnlyForDeploymentPostprocessing = 0;
		};
/* End PBXFrameworksBuildPhase section */

/* Begin PBXGroup section */
		8388B9EC2DEA40BA00C20268 = {
			isa = PBXGroup;
			children = (
				8388B9F72DEA40BA00C20268 /* OzinsheDemo */,
				8388B9F62DEA40BA00C20268 /* Products */,
				BE31A7454D44C656D4743759 /* Pods */,
				EF9FD8CD6BAB16241EC126FF /* Frameworks */,
			);
			sourceTree = "<group>";
		};
		8388B9F62DEA40BA00C20268 /* Products */ = {
			isa = PBXGroup;
			children = (
				8388B9F52DEA40BA00C20268 /* OzinsheDemo.app */,
			);
			name = Products;
			sourceTree = "<group>";
		};
		8388B9F72DEA40BA00C20268 /* OzinsheDemo */ = {
			isa = PBXGroup;
			children = (
				8388BA182DEEFCF000C20268 /* Fonts */,
				8388B9F82DEA40BA00C20268 /* AppDelegate.swift */,
				8388B9FA2DEA40BA00C20268 /* SceneDelegate.swift */,
				8388B9FC2DEA40BA00C20268 /* ViewController.swift */,
				8388BA0C2DEEDE9D00C20268 /* TabBarController.swift */,
				8388BA302DF5D48400C20268 /* Home */,
				8388BA2E2DF57EBF00C20268 /* Movie.swift */,
				8388BA122DEEDED600C20268 /* FavouriteViewController.swift */,
				8388BA3B2DF9E3B100C20268 /* Search */,
				8388BA2A2DF0B90100C20268 /* AuthorizationViewController.swift */,
				8388BA2C2DF20A2F00C20268 /* RegistrationViewController.swift */,
				8388BA162DEEEB5200C20268 /* MovieTableViewCell.swift */,
				8388BA272DEF6E1100C20268 /* Onboarding */,
				8388BA142DEEDEDD00C20268 /* ProfileViewController.swift */,
				8388BA012DEA40BD00C20268 /* Assets.xcassets */,
				8388BA032DEA40BD00C20268 /* LaunchScreen.storyboard */,
				8388BA062DEA40BD00C20268 /* Info.plist */,
			);
			path = OzinsheDemo;
			sourceTree = "<group>";
		};
		8388BA182DEEFCF000C20268 /* Fonts */ = {
			isa = PBXGroup;
			children = (
				8388BA192DEEFCF000C20268 /* SF-Pro-Display-Regular.otf */,
				8388BA1A2DEEFCF000C20268 /* SF-Pro-Display-Bold.otf */,
				8388BA1B2DEEFCF000C20268 /* SF-Pro-Display-Medium.otf */,
				8388BA1C2DEEFCF000C20268 /* SF-Pro-Display-Semibold.otf */,
			);
			path = Fonts;
			sourceTree = "<group>";
		};
		8388BA272DEF6E1100C20268 /* Onboarding */ = {
			isa = PBXGroup;
			children = (
				8388BA212DEF6D9E00C20268 /* OnboardingViewController.swift */,
				8388BA282DEF7A7100C20268 /* OnboardingPageViewController.swift */,
			);
			path = Onboarding;
			sourceTree = "<group>";
		};
		8388BA302DF5D48400C20268 /* Home */ = {
			isa = PBXGroup;
			children = (
				8388BA0E2DEEDEC700C20268 /* HomeViewController.swift */,
				8388BA332DF5E07100C20268 /* MovieCardView.swift */,
				8388BA312DF5D49A00C20268 /* DetailViewController.swift */,
				8388BA352DF82DDB00C20268 /* EpisodesTableViewController.swift */,
				8388BA372DF8780B00C20268 /* Episode.swift */,
				8388BA392DF878FE00C20268 /* EpisodeTableViewCell.swift */,
			);
			path = Home;
			sourceTree = "<group>";
		};
		8388BA3B2DF9E3B100C20268 /* Search */ = {
			isa = PBXGroup;
			children = (
				8388BA102DEEDECE00C20268 /* SearchViewController.swift */,
				8388BA3C2DF9E3CF00C20268 /* SearchCollectionViewCell.swift */,
			);
			path = Search;
			sourceTree = "<group>";
		};
		BE31A7454D44C656D4743759 /* Pods */ = {
			isa = PBXGroup;
			children = (
				DF073417B199FED394905A4F /* Pods-OzinsheDemo.debug.xcconfig */,
				264842EC87487709F7C0FA70 /* Pods-OzinsheDemo.release.xcconfig */,
			);
			path = Pods;
			sourceTree = "<group>";
		};
		EF9FD8CD6BAB16241EC126FF /* Frameworks */ = {
			isa = PBXGroup;
			children = (
				EFF3D7408997121F4CF723DE /* Pods_OzinsheDemo.framework */,
			);
			name = Frameworks;
			sourceTree = "<group>";
		};
/* End PBXGroup section */

/* Begin PBXNativeTarget section */
		8388B9F42DEA40BA00C20268 /* OzinsheDemo */ = {
			isa = PBXNativeTarget;
			buildConfigurationList = 8388BA092DEA40BD00C20268 /* Build configuration list for PBXNativeTarget "OzinsheDemo" */;
			buildPhases = (
				6D15AF902184049D55936195 /* [CP] Check Pods Manifest.lock */,
				8388B9F12DEA40BA00C20268 /* Sources */,
				8388B9F22DEA40BA00C20268 /* Frameworks */,
				8388B9F32DEA40BA00C20268 /* Resources */,
				799B49F88955A5550A24D90A /* [CP] Embed Pods Frameworks */,
			);
			buildRules = (
			);
			dependencies = (
			);
			name = OzinsheDemo;
			productName = OzinsheDemo;
			productReference = 8388B9F52DEA40BA00C20268 /* OzinsheDemo.app */;
			productType = "com.apple.product-type.application";
		};
/* End PBXNativeTarget section */

/* Begin PBXProject section */
		8388B9ED2DEA40BA00C20268 /* Project object */ = {
			isa = PBXProject;
			attributes = {
				BuildIndependentTargetsInParallel = 1;
				LastSwiftUpdateCheck = 1520;
				LastUpgradeCheck = 1520;
				TargetAttributes = {
					8388B9F42DEA40BA00C20268 = {
						CreatedOnToolsVersion = 15.2;
					};
				};
			};
			buildConfigurationList = 8388B9F02DEA40BA00C20268 /* Build configuration list for PBXProject "OzinsheDemo" */;
			compatibilityVersion = "Xcode 14.0";
			developmentRegion = en;
			hasScannedForEncodings = 0;
			knownRegions = (
				en,
				Base,
			);
			mainGroup = 8388B9EC2DEA40BA00C20268;
			productRefGroup = 8388B9F62DEA40BA00C20268 /* Products */;
			projectDirPath = "";
			projectRoot = "";
			targets = (
				8388B9F42DEA40BA00C20268 /* OzinsheDemo */,
			);
		};
/* End PBXProject section */

/* Begin PBXResourcesBuildPhase section */
		8388B9F32DEA40BA00C20268 /* Resources */ = {
			isa = PBXResourcesBuildPhase;
			buildActionMask = 2147483647;
			files = (
				8388BA202DEEFCF100C20268 /* SF-Pro-Display-Semibold.otf in Resources */,
				8388BA052DEA40BD00C20268 /* LaunchScreen.storyboard in Resources */,
				8388BA1D2DEEFCF100C20268 /* SF-Pro-Display-Regular.otf in Resources */,
				8388BA1E2DEEFCF100C20268 /* SF-Pro-Display-Bold.otf in Resources */,
				8388BA022DEA40BD00C20268 /* Assets.xcassets in Resources */,
				8388BA1F2DEEFCF100C20268 /* SF-Pro-Display-Medium.otf in Resources */,
			);
			runOnlyForDeploymentPostprocessing = 0;
		};
/* End PBXResourcesBuildPhase section */

/* Begin PBXShellScriptBuildPhase section */
		6D15AF902184049D55936195 /* [CP] Check Pods Manifest.lock */ = {
			isa = PBXShellScriptBuildPhase;
			buildActionMask = 2147483647;
			files = (
			);
			inputFileListPaths = (
			);
			inputPaths = (
				"${PODS_PODFILE_DIR_PATH}/Podfile.lock",
				"${PODS_ROOT}/Manifest.lock",
			);
			name = "[CP] Check Pods Manifest.lock";
			outputFileListPaths = (
			);
			outputPaths = (
				"$(DERIVED_FILE_DIR)/Pods-OzinsheDemo-checkManifestLockResult.txt",
			);
			runOnlyForDeploymentPostprocessing = 0;
			shellPath = /bin/sh;
			shellScript = "diff \"${PODS_PODFILE_DIR_PATH}/Podfile.lock\" \"${PODS_ROOT}/Manifest.lock\" > /dev/null\nif [ $? != 0 ] ; then\n    # print error to STDERR\n    echo \"error: The sandbox is not in sync with the Podfile.lock. Run 'pod install' or update your CocoaPods installation.\" >&2\n    exit 1\nfi\n# This output is used by Xcode 'outputs' to avoid re-running this script phase.\necho \"SUCCESS\" > \"${SCRIPT_OUTPUT_FILE_0}\"\n";
			showEnvVarsInLog = 0;
		};
		799B49F88955A5550A24D90A /* [CP] Embed Pods Frameworks */ = {
			isa = PBXShellScriptBuildPhase;
			buildActionMask = 2147483647;
			files = (
			);
			inputFileListPaths = (
				"${PODS_ROOT}/Target Support Files/Pods-OzinsheDemo/Pods-OzinsheDemo-frameworks-${CONFIGURATION}-input-files.xcfilelist",
			);
			name = "[CP] Embed Pods Frameworks";
			outputFileListPaths = (
				"${PODS_ROOT}/Target Support Files/Pods-OzinsheDemo/Pods-OzinsheDemo-frameworks-${CONFIGURATION}-output-files.xcfilelist",
			);
			runOnlyForDeploymentPostprocessing = 0;
			shellPath = /bin/sh;
			shellScript = "\"${PODS_ROOT}/Target Support Files/Pods-OzinsheDemo/Pods-OzinsheDemo-frameworks.sh\"\n";
			showEnvVarsInLog = 0;
		};
/* End PBXShellScriptBuildPhase section */

/* Begin PBXSourcesBuildPhase section */
		8388B9F12DEA40BA00C20268 /* Sources */ = {
			isa = PBXSourcesBuildPhase;
			buildActionMask = 2147483647;
			files = (
				8388BA2F2DF57EBF00C20268 /* Movie.swift in Sources */,
				8388BA2B2DF0B90100C20268 /* AuthorizationViewController.swift in Sources */,
				8388BA112DEEDECE00C20268 /* SearchViewController.swift in Sources */,
				8388BA342DF5E07100C20268 /* MovieCardView.swift in Sources */,
				8388BA362DF82DDB00C20268 /* EpisodesTableViewController.swift in Sources */,
				8388BA0F2DEEDEC700C20268 /* HomeViewController.swift in Sources */,
				8388BA222DEF6D9E00C20268 /* OnboardingViewController.swift in Sources */,
				8388BA382DF8780B00C20268 /* Episode.swift in Sources */,
				8388BA2D2DF20A2F00C20268 /* RegistrationViewController.swift in Sources */,
				8388BA172DEEEB5200C20268 /* MovieTableViewCell.swift in Sources */,
				8388B9FD2DEA40BA00C20268 /* ViewController.swift in Sources */,
				8388BA3A2DF878FE00C20268 /* EpisodeTableViewCell.swift in Sources */,
				8388BA0D2DEEDE9D00C20268 /* TabBarController.swift in Sources */,
				8388BA132DEEDED600C20268 /* FavouriteViewController.swift in Sources */,
				8388BA3D2DF9E3CF00C20268 /* SearchCollectionViewCell.swift in Sources */,
				8388B9F92DEA40BA00C20268 /* AppDelegate.swift in Sources */,
				8388BA152DEEDEDD00C20268 /* ProfileViewController.swift in Sources */,
				8388BA322DF5D49A00C20268 /* DetailViewController.swift in Sources */,
				8388B9FB2DEA40BA00C20268 /* SceneDelegate.swift in Sources */,
				8388BA292DEF7A7100C20268 /* OnboardingPageViewController.swift in Sources */,
			);
			runOnlyForDeploymentPostprocessing = 0;
		};
/* End PBXSourcesBuildPhase section */

/* Begin PBXVariantGroup section */
		8388BA032DEA40BD00C20268 /* LaunchScreen.storyboard */ = {
			isa = PBXVariantGroup;
			children = (
				8388BA042DEA40BD00C20268 /* Base */,
			);
			name = LaunchScreen.storyboard;
			sourceTree = "<group>";
		};
/* End PBXVariantGroup section */

/* Begin XCBuildConfiguration section */
		8388BA072DEA40BD00C20268 /* Debug */ = {
			isa = XCBuildConfiguration;
			buildSettings = {
				ALWAYS_SEARCH_USER_PATHS = NO;
				ASSETCATALOG_COMPILER_GENERATE_SWIFT_ASSET_SYMBOL_EXTENSIONS = YES;
				CLANG_ANALYZER_NONNULL = YES;
				CLANG_ANALYZER_NUMBER_OBJECT_CONVERSION = YES_AGGRESSIVE;
				CLANG_CXX_LANGUAGE_STANDARD = "gnu++20";
				CLANG_ENABLE_MODULES = YES;
				CLANG_ENABLE_OBJC_ARC = YES;
				CLANG_ENABLE_OBJC_WEAK = YES;
				CLANG_WARN_BLOCK_CAPTURE_AUTORELEASING = YES;
				CLANG_WARN_BOOL_CONVERSION = YES;
				CLANG_WARN_COMMA = YES;
				CLANG_WARN_CONSTANT_CONVERSION = YES;
				CLANG_WARN_DEPRECATED_OBJC_IMPLEMENTATIONS = YES;
				CLANG_WARN_DIRECT_OBJC_ISA_USAGE = YES_ERROR;
				CLANG_WARN_DOCUMENTATION_COMMENTS = YES;
				CLANG_WARN_EMPTY_BODY = YES;
				CLANG_WARN_ENUM_CONVERSION = YES;
				CLANG_WARN_INFINITE_RECURSION = YES;
				CLANG_WARN_INT_CONVERSION = YES;
				CLANG_WARN_NON_LITERAL_NULL_CONVERSION = YES;
				CLANG_WARN_OBJC_IMPLICIT_RETAIN_SELF = YES;
				CLANG_WARN_OBJC_LITERAL_CONVERSION = YES;
				CLANG_WARN_OBJC_ROOT_CLASS = YES_ERROR;
				CLANG_WARN_QUOTED_INCLUDE_IN_FRAMEWORK_HEADER = YES;
				CLANG_WARN_RANGE_LOOP_ANALYSIS = YES;
				CLANG_WARN_STRICT_PROTOTYPES = YES;
				CLANG_WARN_SUSPICIOUS_MOVE = YES;
				CLANG_WARN_UNGUARDED_AVAILABILITY = YES_AGGRESSIVE;
				CLANG_WARN_UNREACHABLE_CODE = YES;
				CLANG_WARN__DUPLICATE_METHOD_MATCH = YES;
				COPY_PHASE_STRIP = NO;
				DEBUG_INFORMATION_FORMAT = dwarf;
				ENABLE_STRICT_OBJC_MSGSEND = YES;
				ENABLE_TESTABILITY = YES;
				ENABLE_USER_SCRIPT_SANDBOXING = NO;
				GCC_C_LANGUAGE_STANDARD = gnu17;
				GCC_DYNAMIC_NO_PIC = NO;
				GCC_NO_COMMON_BLOCKS = YES;
				GCC_OPTIMIZATION_LEVEL = 0;
				GCC_PREPROCESSOR_DEFINITIONS = (
					"DEBUG=1",
					"$(inherited)",
				);
				GCC_WARN_64_TO_32_BIT_CONVERSION = YES;
				GCC_WARN_ABOUT_RETURN_TYPE = YES_ERROR;
				GCC_WARN_UNDECLARED_SELECTOR = YES;
				GCC_WARN_UNINITIALIZED_AUTOS = YES_AGGRESSIVE;
				GCC_WARN_UNUSED_FUNCTION = YES;
				GCC_WARN_UNUSED_VARIABLE = YES;
				IPHONEOS_DEPLOYMENT_TARGET = 17.2;
				LOCALIZATION_PREFERS_STRING_CATALOGS = YES;
				MTL_ENABLE_DEBUG_INFO = INCLUDE_SOURCE;
				MTL_FAST_MATH = YES;
				ONLY_ACTIVE_ARCH = YES;
				SDKROOT = iphoneos;
				SWIFT_ACTIVE_COMPILATION_CONDITIONS = "DEBUG $(inherited)";
				SWIFT_OPTIMIZATION_LEVEL = "-Onone";
			};
			name = Debug;
		};
		8388BA082DEA40BD00C20268 /* Release */ = {
			isa = XCBuildConfiguration;
			buildSettings = {
				ALWAYS_SEARCH_USER_PATHS = NO;
				ASSETCATALOG_COMPILER_GENERATE_SWIFT_ASSET_SYMBOL_EXTENSIONS = YES;
				CLANG_ANALYZER_NONNULL = YES;
				CLANG_ANALYZER_NUMBER_OBJECT_CONVERSION = YES_AGGRESSIVE;
				CLANG_CXX_LANGUAGE_STANDARD = "gnu++20";
				CLANG_ENABLE_MODULES = YES;
				CLANG_ENABLE_OBJC_ARC = YES;
				CLANG_ENABLE_OBJC_WEAK = YES;
				CLANG_WARN_BLOCK_CAPTURE_AUTORELEASING = YES;
				CLANG_WARN_BOOL_CONVERSION = YES;
				CLANG_WARN_COMMA = YES;
				CLANG_WARN_CONSTANT_CONVERSION = YES;
				CLANG_WARN_DEPRECATED_OBJC_IMPLEMENTATIONS = YES;
				CLANG_WARN_DIRECT_OBJC_ISA_USAGE = YES_ERROR;
				CLANG_WARN_DOCUMENTATION_COMMENTS = YES;
				CLANG_WARN_EMPTY_BODY = YES;
				CLANG_WARN_ENUM_CONVERSION = YES;
				CLANG_WARN_INFINITE_RECURSION = YES;
				CLANG_WARN_INT_CONVERSION = YES;
				CLANG_WARN_NON_LITERAL_NULL_CONVERSION = YES;
				CLANG_WARN_OBJC_IMPLICIT_RETAIN_SELF = YES;
				CLANG_WARN_OBJC_LITERAL_CONVERSION = YES;
				CLANG_WARN_OBJC_ROOT_CLASS = YES_ERROR;
				CLANG_WARN_QUOTED_INCLUDE_IN_FRAMEWORK_HEADER = YES;
				CLANG_WARN_RANGE_LOOP_ANALYSIS = YES;
				CLANG_WARN_STRICT_PROTOTYPES = YES;
				CLANG_WARN_SUSPICIOUS_MOVE = YES;
				CLANG_WARN_UNGUARDED_AVAILABILITY = YES_AGGRESSIVE;
				CLANG_WARN_UNREACHABLE_CODE = YES;
				CLANG_WARN__DUPLICATE_METHOD_MATCH = YES;
				COPY_PHASE_STRIP = NO;
				DEBUG_INFORMATION_FORMAT = "dwarf-with-dsym";
				ENABLE_NS_ASSERTIONS = NO;
				ENABLE_STRICT_OBJC_MSGSEND = YES;
				ENABLE_USER_SCRIPT_SANDBOXING = NO;
				GCC_C_LANGUAGE_STANDARD = gnu17;
				GCC_NO_COMMON_BLOCKS = YES;
				GCC_WARN_64_TO_32_BIT_CONVERSION = YES;
				GCC_WARN_ABOUT_RETURN_TYPE = YES_ERROR;
				GCC_WARN_UNDECLARED_SELECTOR = YES;
				GCC_WARN_UNINITIALIZED_AUTOS = YES_AGGRESSIVE;
				GCC_WARN_UNUSED_FUNCTION = YES;
				GCC_WARN_UNUSED_VARIABLE = YES;
				IPHONEOS_DEPLOYMENT_TARGET = 17.2;
				LOCALIZATION_PREFERS_STRING_CATALOGS = YES;
				MTL_ENABLE_DEBUG_INFO = NO;
				MTL_FAST_MATH = YES;
				SDKROOT = iphoneos;
				SWIFT_COMPILATION_MODE = wholemodule;
				VALIDATE_PRODUCT = YES;
			};
			name = Release;
		};
		8388BA0A2DEA40BD00C20268 /* Debug */ = {
			isa = XCBuildConfiguration;
			baseConfigurationReference = DF073417B199FED394905A4F /* Pods-OzinsheDemo.debug.xcconfig */;
			buildSettings = {
				ASSETCATALOG_COMPILER_APPICON_NAME = AppIcon;
				ASSETCATALOG_COMPILER_GLOBAL_ACCENT_COLOR_NAME = AccentColor;
				CODE_SIGN_STYLE = Automatic;
				CURRENT_PROJECT_VERSION = 1;
				DEVELOPMENT_TEAM = TPK9566KWG;
				GENERATE_INFOPLIST_FILE = YES;
				INFOPLIST_FILE = OzinsheDemo/Info.plist;
				INFOPLIST_KEY_UIApplicationSupportsIndirectInputEvents = YES;
				INFOPLIST_KEY_UILaunchStoryboardName = LaunchScreen;
				INFOPLIST_KEY_UISupportedInterfaceOrientations_iPad = "UIInterfaceOrientationPortrait UIInterfaceOrientationPortraitUpsideDown UIInterfaceOrientationLandscapeLeft UIInterfaceOrientationLandscapeRight";
				INFOPLIST_KEY_UISupportedInterfaceOrientations_iPhone = "UIInterfaceOrientationPortrait UIInterfaceOrientationLandscapeLeft UIInterfaceOrientationLandscapeRight";
				LD_RUNPATH_SEARCH_PATHS = (
					"$(inherited)",
					"@executable_path/Frameworks",
				);
				MARKETING_VERSION = 1.0;
				PRODUCT_BUNDLE_IDENTIFIER = Gulnazka.OzinsheDemo;
				PRODUCT_NAME = "$(TARGET_NAME)";
				SWIFT_EMIT_LOC_STRINGS = YES;
				SWIFT_VERSION = 5.0;
				TARGETED_DEVICE_FAMILY = "1,2";
			};
			name = Debug;
		};
		8388BA0B2DEA40BD00C20268 /* Release */ = {
			isa = XCBuildConfiguration;
			baseConfigurationReference = 264842EC87487709F7C0FA70 /* Pods-OzinsheDemo.release.xcconfig */;
			buildSettings = {
				ASSETCATALOG_COMPILER_APPICON_NAME = AppIcon;
				ASSETCATALOG_COMPILER_GLOBAL_ACCENT_COLOR_NAME = AccentColor;
				CODE_SIGN_STYLE = Automatic;
				CURRENT_PROJECT_VERSION = 1;
				DEVELOPMENT_TEAM = TPK9566KWG;
				GENERATE_INFOPLIST_FILE = YES;
				INFOPLIST_FILE = OzinsheDemo/Info.plist;
				INFOPLIST_KEY_UIApplicationSupportsIndirectInputEvents = YES;
				INFOPLIST_KEY_UILaunchStoryboardName = LaunchScreen;
				INFOPLIST_KEY_UISupportedInterfaceOrientations_iPad = "UIInterfaceOrientationPortrait UIInterfaceOrientationPortraitUpsideDown UIInterfaceOrientationLandscapeLeft UIInterfaceOrientationLandscapeRight";
				INFOPLIST_KEY_UISupportedInterfaceOrientations_iPhone = "UIInterfaceOrientationPortrait UIInterfaceOrientationLandscapeLeft UIInterfaceOrientationLandscapeRight";
				LD_RUNPATH_SEARCH_PATHS = (
					"$(inherited)",
					"@executable_path/Frameworks",
				);
				MARKETING_VERSION = 1.0;
				PRODUCT_BUNDLE_IDENTIFIER = Gulnazka.OzinsheDemo;
				PRODUCT_NAME = "$(TARGET_NAME)";
				SWIFT_EMIT_LOC_STRINGS = YES;
				SWIFT_VERSION = 5.0;
				TARGETED_DEVICE_FAMILY = "1,2";
			};
			name = Release;
		};
/* End XCBuildConfiguration section */

/* Begin XCConfigurationList section */
		8388B9F02DEA40BA00C20268 /* Build configuration list for PBXProject "OzinsheDemo" */ = {
			isa = XCConfigurationList;
			buildConfigurations = (
				8388BA072DEA40BD00C20268 /* Debug */,
				8388BA082DEA40BD00C20268 /* Release */,
			);
			defaultConfigurationIsVisible = 0;
			defaultConfigurationName = Release;
		};
		8388BA092DEA40BD00C20268 /* Build configuration list for PBXNativeTarget "OzinsheDemo" */ = {
			isa = XCConfigurationList;
			buildConfigurations = (
				8388BA0A2DEA40BD00C20268 /* Debug */,
				8388BA0B2DEA40BD00C20268 /* Release */,
			);
			defaultConfigurationIsVisible = 0;
			defaultConfigurationName = Release;
		};
/* End XCConfigurationList section */
	};
	rootObject = 8388B9ED2DEA40BA00C20268 /* Project object */;
}
